Microsoft Visual Studio Solution File, Format Version 11.00
# Visual Studio 2008

Project("{73F2E580-C258-CBF8-B819-53348DC1DFDA}") = "Texture1", "Assembly-CSharp-firstpass-vs.csproj", "{F37D9AE4-1903-063A-FB24-C82305CC90EF}"
EndProject
Project("{73F2E580-C258-CBF8-B819-53348DC1DFDA}") = "Texture1", "Assembly-CSharp-vs.csproj", "{90B795A1-D1D1-04AC-4B6C-ED0094F5A76C}"
EndProject
Global
	GlobalSection(SolutionConfigurationPlatforms) = preSolution
		Debug|Any CPU = Debug|Any CPU
		Release|Any CPU = Release|Any CPU
	EndGlobalSection
	GlobalSection(ProjectConfigurationPlatforms) = postSolution
		{F37D9AE4-1903-063A-FB24-C82305CC90EF}.Debug|Any CPU.ActiveCfg = Debug|Any CPU
		{F37D9AE4-1903-063A-FB24-C82305CC90EF}.Debug|Any CPU.Build.0 = Debug|Any CPU
		{F37D9AE4-1903-063A-FB24-C82305CC90EF}.Release|Any CPU.ActiveCfg = Release|Any CPU
		{F37D9AE4-1903-063A-FB24-C82305CC90EF}.Release|Any CPU.Build.0 = Release|Any CPU
		{90B795A1-D1D1-04AC-4B6C-ED0094F5A76C}.Debug|Any CPU.ActiveCfg = Debug|Any CPU
		{90B795A1-D1D1-04AC-4B6C-ED0094F5A76C}.Debug|Any CPU.Build.0 = Debug|Any CPU
		{90B795A1-D1D1-04AC-4B6C-ED0094F5A76C}.Release|Any CPU.ActiveCfg = Release|Any CPU
		{90B795A1-D1D1-04AC-4B6C-ED0094F5A76C}.Release|Any CPU.Build.0 = Release|Any CPU
	EndGlobalSection
	GlobalSection(SolutionProperties) = preSolution
		HideSolutionNode = FALSE
	EndGlobalSection
																	GlobalSection(MonoDevelopProperties) = preSolution
		StartupItem = Assembly-CSharp.csproj
		Policies = $0
		$0.TextStylePolicy = $1
		$1.inheritsSet = null
		$1.scope = text/x-csharp
		$0.CSharpFormattingPolicy = $2
		$2.inheritsSet = Mono
		$2.inheritsScope = text/x-csharp
		$2.scope = text/x-csharp
		$0.TextStylePolicy = $3
		$3.FileWidth = 120
		$3.TabWidth = 4
		$3.EolMarker = Unix
		$3.inheritsSet = Mono
		$3.inheritsScope = text/plain
		$3.scope = text/plain
	EndGlobalSection

EndGlobal
